// !$*UTF8*$!
{
	archiveVersion = 1;
	classes = {
	};
	objectVersion = 46;
	objects = {

/* Begin PBXBuildFile section */
		3F0F42BC1B965AB60075A10D /* SWRevealViewController.m in Sources */ = {isa = PBXBuildFile; fileRef = 3F0F42BB1B965AB60075A10D /* SWRevealViewController.m */; };
		3F26F02B1B9242F000A56BBE /* CiudadesDestinoViewController.swift in Sources */ = {isa = PBXBuildFile; fileRef = 3F26F02A1B9242F000A56BBE /* CiudadesDestinoViewController.swift */; };
		3F4C68D91B99CDEA001FBA9A /* PasajesTableViewController.swift in Sources */ = {isa = PBXBuildFile; fileRef = 3F4C68D81B99CDEA001FBA9A /* PasajesTableViewController.swift */; };
		3F4C69101B99EE07001FBA9A /* CalendarViewController.swift in Sources */ = {isa = PBXBuildFile; fileRef = 3F4C690F1B99EE07001FBA9A /* CalendarViewController.swift */; };
		3F4FB6DC1B9CA6F400173492 /* sqlite.swift in Sources */ = {isa = PBXBuildFile; fileRef = 3F4FB6DB1B9CA6F400173492 /* sqlite.swift */; };
		3F583FB71B91DED700161918 /* AppDelegate.swift in Sources */ = {isa = PBXBuildFile; fileRef = 3F583FB61B91DED700161918 /* AppDelegate.swift */; };
		3F583FBA1B91DED700161918 /* buseslep.xcdatamodeld in Sources */ = {isa = PBXBuildFile; fileRef = 3F583FB81B91DED700161918 /* buseslep.xcdatamodeld */; };
		3F583FBF1B91DED700161918 /* Main.storyboard in Resources */ = {isa = PBXBuildFile; fileRef = 3F583FBD1B91DED700161918 /* Main.storyboard */; };
		3F583FC11B91DED700161918 /* Images.xcassets in Resources */ = {isa = PBXBuildFile; fileRef = 3F583FC01B91DED700161918 /* Images.xcassets */; };
		3F583FC41B91DED700161918 /* LaunchScreen.xib in Resources */ = {isa = PBXBuildFile; fileRef = 3F583FC21B91DED700161918 /* LaunchScreen.xib */; };
		3F583FD01B91DED800161918 /* buseslepTests.swift in Sources */ = {isa = PBXBuildFile; fileRef = 3F583FCF1B91DED800161918 /* buseslepTests.swift */; };
		3F583FDD1B91DFB600161918 /* BusquedaViewController.swift in Sources */ = {isa = PBXBuildFile; fileRef = 3F583FDC1B91DFB600161918 /* BusquedaViewController.swift */; };
		3F583FE11B91FDF300161918 /* CiudadModel.swift in Sources */ = {isa = PBXBuildFile; fileRef = 3F583FE01B91FDF300161918 /* CiudadModel.swift */; };
		3F583FE31B922BA200161918 /* CiudadesOrigenViewController.swift in Sources */ = {isa = PBXBuildFile; fileRef = 3F583FE21B922BA200161918 /* CiudadesOrigenViewController.swift */; };
		3F58E7B01B9B374F00858739 /* ResumenViewController.swift in Sources */ = {isa = PBXBuildFile; fileRef = 3F58E7AF1B9B374F00858739 /* ResumenViewController.swift */; };
		3F5C34661B93462300FFB4C2 /* CeldaHorarioViewController.swift in Sources */ = {isa = PBXBuildFile; fileRef = 3F5C34651B93462300FFB4C2 /* CeldaHorarioViewController.swift */; };
		3F9B31C51B9CC06D00EB1797 /* BusquedasModel.swift in Sources */ = {isa = PBXBuildFile; fileRef = 3F9B31C41B9CC06D00EB1797 /* BusquedasModel.swift */; };
		3FB77F6E1B9E2E2F0061CB5B /* PaymentTecPro.swift in Sources */ = {isa = PBXBuildFile; fileRef = 3FB77F6D1B9E2E2F0061CB5B /* PaymentTecPro.swift */; };
		3FB7B9A71B9DFA1600619459 /* SeatSelectionViewController.swift in Sources */ = {isa = PBXBuildFile; fileRef = 3FB7B9A61B9DFA1600619459 /* SeatSelectionViewController.swift */; };
		3FB7B9A91B9DFA4B00619459 /* ButacaModel.swift in Sources */ = {isa = PBXBuildFile; fileRef = 3FB7B9A81B9DFA4B00619459 /* ButacaModel.swift */; };
		3FB7B9AB1B9DFA7900619459 /* CeldaAsiento.swift in Sources */ = {isa = PBXBuildFile; fileRef = 3FB7B9AA1B9DFA7900619459 /* CeldaAsiento.swift */; };
		3FB7B9AD1B9E02BD00619459 /* SimpleVaultViewController.swift in Sources */ = {isa = PBXBuildFile; fileRef = 3FB7B9AC1B9E02BD00619459 /* SimpleVaultViewController.swift */; };
		3FB7B9AF1B9E02CF00619459 /* AdvancedVaultViewController.swift in Sources */ = {isa = PBXBuildFile; fileRef = 3FB7B9AE1B9E02CF00619459 /* AdvancedVaultViewController.swift */; };
		3FB7B9B11B9E031800619459 /* ExamplesUtils.swift in Sources */ = {isa = PBXBuildFile; fileRef = 3FB7B9B01B9E031800619459 /* ExamplesUtils.swift */; };
		3FB7B9B41B9E077300619459 /* SimpleVaultViewController.xib in Resources */ = {isa = PBXBuildFile; fileRef = 3FB7B9B31B9E077300619459 /* SimpleVaultViewController.xib */; };
		3FC731E91BA0710700891FDC /* FinalizarCompraViewController.swift in Sources */ = {isa = PBXBuildFile; fileRef = 3FC731E81BA0710700891FDC /* FinalizarCompraViewController.swift */; };
		3FFCB9801B9351DB00C043F6 /* HorarioViewController.swift in Sources */ = {isa = PBXBuildFile; fileRef = 3FFCB97F1B9351DB00C043F6 /* HorarioViewController.swift */; };
		3FFCB9821B93548D00C043F6 /* HorarioModel.swift in Sources */ = {isa = PBXBuildFile; fileRef = 3FFCB9811B93548D00C043F6 /* HorarioModel.swift */; };
		3FFCB9881B936C9700C043F6 /* WebServices.swift in Sources */ = {isa = PBXBuildFile; fileRef = 3FFCB9871B936C9700C043F6 /* WebServices.swift */; };
		CFA3D023F18D26962020C46A /* Pods.framework in Frameworks */ = {isa = PBXBuildFile; fileRef = C260DF312EF2C0059DB3A3C0 /* Pods.framework */; settings = {ATTRIBUTES = (Weak, ); }; };
		ED2E0DCF1BA09D1600A185F2 /* ListarReservasViewController.swift in Sources */ = {isa = PBXBuildFile; fileRef = ED2E0DCE1BA09D1600A185F2 /* ListarReservasViewController.swift */; };
		ED5B0FE01B98B5AD0057B604 /* RecPassViewController.swift in Sources */ = {isa = PBXBuildFile; fileRef = ED5B0FDF1B98B5AD0057B604 /* RecPassViewController.swift */; };
		EDD1C0FE1B93A1AD00B57510 /* LoginViewController.swift in Sources */ = {isa = PBXBuildFile; fileRef = EDD1C0FD1B93A1AD00B57510 /* LoginViewController.swift */; };
		EDD1C1001B93F2A000B57510 /* RegisterViewController.swift in Sources */ = {isa = PBXBuildFile; fileRef = EDD1C0FF1B93F2A000B57510 /* RegisterViewController.swift */; };
		EDF021431B9BB94D00AC12AC /* ReserveDetailsViewController.swift in Sources */ = {isa = PBXBuildFile; fileRef = EDF021421B9BB94D00AC12AC /* ReserveDetailsViewController.swift */; };
		FBD63EB51B94A53A00FDB302 /* BackTableVC.swift in Sources */ = {isa = PBXBuildFile; fileRef = FBD63EB41B94A53A00FDB302 /* BackTableVC.swift */; };
/* End PBXBuildFile section */

/* Begin PBXContainerItemProxy section */
		3F583FCA1B91DED800161918 /* PBXContainerItemProxy */ = {
			isa = PBXContainerItemProxy;
			containerPortal = 3F583FA91B91DED700161918 /* Project object */;
			proxyType = 1;
			remoteGlobalIDString = 3F583FB01B91DED700161918;
			remoteInfo = buseslep;
		};
/* End PBXContainerItemProxy section */

/* Begin PBXFileReference section */
		3F0F42BA1B965AA90075A10D /* SWRevealViewController.h */ = {isa = PBXFileReference; fileEncoding = 4; lastKnownFileType = sourcecode.c.h; path = SWRevealViewController.h; sourceTree = "<group>"; };
		3F0F42BB1B965AB60075A10D /* SWRevealViewController.m */ = {isa = PBXFileReference; fileEncoding = 4; lastKnownFileType = sourcecode.c.objc; path = SWRevealViewController.m; sourceTree = "<group>"; };
		3F26F02A1B9242F000A56BBE /* CiudadesDestinoViewController.swift */ = {isa = PBXFileReference; fileEncoding = 4; lastKnownFileType = sourcecode.swift; path = CiudadesDestinoViewController.swift; sourceTree = "<group>"; };
		3F4C68D81B99CDEA001FBA9A /* PasajesTableViewController.swift */ = {isa = PBXFileReference; fileEncoding = 4; lastKnownFileType = sourcecode.swift; path = PasajesTableViewController.swift; sourceTree = "<group>"; };
		3F4C690F1B99EE07001FBA9A /* CalendarViewController.swift */ = {isa = PBXFileReference; fileEncoding = 4; lastKnownFileType = sourcecode.swift; path = CalendarViewController.swift; sourceTree = "<group>"; };
		3F4FB6DB1B9CA6F400173492 /* sqlite.swift */ = {isa = PBXFileReference; fileEncoding = 4; lastKnownFileType = sourcecode.swift; path = sqlite.swift; sourceTree = "<group>"; };
		3F583FB11B91DED700161918 /* buseslep.app */ = {isa = PBXFileReference; explicitFileType = wrapper.application; includeInIndex = 0; path = buseslep.app; sourceTree = BUILT_PRODUCTS_DIR; };
		3F583FB51B91DED700161918 /* Info.plist */ = {isa = PBXFileReference; lastKnownFileType = text.plist.xml; path = Info.plist; sourceTree = "<group>"; };
		3F583FB61B91DED700161918 /* AppDelegate.swift */ = {isa = PBXFileReference; lastKnownFileType = sourcecode.swift; path = AppDelegate.swift; sourceTree = "<group>"; };
		3F583FB91B91DED700161918 /* buseslep.xcdatamodel */ = {isa = PBXFileReference; lastKnownFileType = wrapper.xcdatamodel; path = buseslep.xcdatamodel; sourceTree = "<group>"; };
		3F583FBE1B91DED700161918 /* Base */ = {isa = PBXFileReference; lastKnownFileType = file.storyboard; name = Base; path = Base.lproj/Main.storyboard; sourceTree = "<group>"; };
		3F583FC01B91DED700161918 /* Images.xcassets */ = {isa = PBXFileReference; lastKnownFileType = folder.assetcatalog; path = Images.xcassets; sourceTree = "<group>"; };
		3F583FC31B91DED700161918 /* Base */ = {isa = PBXFileReference; lastKnownFileType = file.xib; name = Base; path = Base.lproj/LaunchScreen.xib; sourceTree = "<group>"; };
		3F583FC91B91DED800161918 /* buseslepTests.xctest */ = {isa = PBXFileReference; explicitFileType = wrapper.cfbundle; includeInIndex = 0; path = buseslepTests.xctest; sourceTree = BUILT_PRODUCTS_DIR; };
		3F583FCE1B91DED800161918 /* Info.plist */ = {isa = PBXFileReference; lastKnownFileType = text.plist.xml; path = Info.plist; sourceTree = "<group>"; };
		3F583FCF1B91DED800161918 /* buseslepTests.swift */ = {isa = PBXFileReference; lastKnownFileType = sourcecode.swift; path = buseslepTests.swift; sourceTree = "<group>"; };
		3F583FDC1B91DFB600161918 /* BusquedaViewController.swift */ = {isa = PBXFileReference; fileEncoding = 4; lastKnownFileType = sourcecode.swift; path = BusquedaViewController.swift; sourceTree = "<group>"; };
		3F583FE01B91FDF300161918 /* CiudadModel.swift */ = {isa = PBXFileReference; fileEncoding = 4; lastKnownFileType = sourcecode.swift; path = CiudadModel.swift; sourceTree = "<group>"; };
		3F583FE21B922BA200161918 /* CiudadesOrigenViewController.swift */ = {isa = PBXFileReference; fileEncoding = 4; lastKnownFileType = sourcecode.swift; path = CiudadesOrigenViewController.swift; sourceTree = "<group>"; };
		3F58E7AF1B9B374F00858739 /* ResumenViewController.swift */ = {isa = PBXFileReference; fileEncoding = 4; lastKnownFileType = sourcecode.swift; path = ResumenViewController.swift; sourceTree = "<group>"; };
		3F5C34651B93462300FFB4C2 /* CeldaHorarioViewController.swift */ = {isa = PBXFileReference; fileEncoding = 4; lastKnownFileType = sourcecode.swift; path = CeldaHorarioViewController.swift; sourceTree = "<group>"; };
		3F9B31C41B9CC06D00EB1797 /* BusquedasModel.swift */ = {isa = PBXFileReference; fileEncoding = 4; lastKnownFileType = sourcecode.swift; path = BusquedasModel.swift; sourceTree = "<group>"; };
		3FB77F6D1B9E2E2F0061CB5B /* PaymentTecPro.swift */ = {isa = PBXFileReference; fileEncoding = 4; lastKnownFileType = sourcecode.swift; path = PaymentTecPro.swift; sourceTree = "<group>"; };
		3FB7B9A61B9DFA1600619459 /* SeatSelectionViewController.swift */ = {isa = PBXFileReference; fileEncoding = 4; lastKnownFileType = sourcecode.swift; path = SeatSelectionViewController.swift; sourceTree = "<group>"; };
		3FB7B9A81B9DFA4B00619459 /* ButacaModel.swift */ = {isa = PBXFileReference; fileEncoding = 4; lastKnownFileType = sourcecode.swift; path = ButacaModel.swift; sourceTree = "<group>"; };
		3FB7B9AA1B9DFA7900619459 /* CeldaAsiento.swift */ = {isa = PBXFileReference; fileEncoding = 4; lastKnownFileType = sourcecode.swift; path = CeldaAsiento.swift; sourceTree = "<group>"; };
		3FB7B9AC1B9E02BD00619459 /* SimpleVaultViewController.swift */ = {isa = PBXFileReference; fileEncoding = 4; lastKnownFileType = sourcecode.swift; path = SimpleVaultViewController.swift; sourceTree = "<group>"; };
		3FB7B9AE1B9E02CF00619459 /* AdvancedVaultViewController.swift */ = {isa = PBXFileReference; fileEncoding = 4; lastKnownFileType = sourcecode.swift; path = AdvancedVaultViewController.swift; sourceTree = "<group>"; };
		3FB7B9B01B9E031800619459 /* ExamplesUtils.swift */ = {isa = PBXFileReference; fileEncoding = 4; lastKnownFileType = sourcecode.swift; path = ExamplesUtils.swift; sourceTree = "<group>"; };
		3FB7B9B31B9E077300619459 /* SimpleVaultViewController.xib */ = {isa = PBXFileReference; fileEncoding = 4; lastKnownFileType = file.xib; path = SimpleVaultViewController.xib; sourceTree = "<group>"; };
		3FC731E81BA0710700891FDC /* FinalizarCompraViewController.swift */ = {isa = PBXFileReference; fileEncoding = 4; lastKnownFileType = sourcecode.swift; path = FinalizarCompraViewController.swift; sourceTree = "<group>"; };
		3FFCB97F1B9351DB00C043F6 /* HorarioViewController.swift */ = {isa = PBXFileReference; fileEncoding = 4; lastKnownFileType = sourcecode.swift; path = HorarioViewController.swift; sourceTree = "<group>"; };
		3FFCB9811B93548D00C043F6 /* HorarioModel.swift */ = {isa = PBXFileReference; fileEncoding = 4; lastKnownFileType = sourcecode.swift; path = HorarioModel.swift; sourceTree = "<group>"; };
		3FFCB9871B936C9700C043F6 /* WebServices.swift */ = {isa = PBXFileReference; fileEncoding = 4; lastKnownFileType = sourcecode.swift; path = WebServices.swift; sourceTree = "<group>"; };
		B5976A03089440B438549AF5 /* Pods.debug.xcconfig */ = {isa = PBXFileReference; includeInIndex = 1; lastKnownFileType = text.xcconfig; name = Pods.debug.xcconfig; path = "Pods/Target Support Files/Pods/Pods.debug.xcconfig"; sourceTree = "<group>"; };
		C260DF312EF2C0059DB3A3C0 /* Pods.framework */ = {isa = PBXFileReference; explicitFileType = wrapper.framework; includeInIndex = 0; path = Pods.framework; sourceTree = BUILT_PRODUCTS_DIR; };
		D56973208DDA4BC6DAB9181C /* Pods.release.xcconfig */ = {isa = PBXFileReference; includeInIndex = 1; lastKnownFileType = text.xcconfig; name = Pods.release.xcconfig; path = "Pods/Target Support Files/Pods/Pods.release.xcconfig"; sourceTree = "<group>"; };
		ED2E0DCE1BA09D1600A185F2 /* ListarReservasViewController.swift */ = {isa = PBXFileReference; fileEncoding = 4; lastKnownFileType = sourcecode.swift; path = ListarReservasViewController.swift; sourceTree = "<group>"; };
		ED5B0FDF1B98B5AD0057B604 /* RecPassViewController.swift */ = {isa = PBXFileReference; fileEncoding = 4; lastKnownFileType = sourcecode.swift; path = RecPassViewController.swift; sourceTree = "<group>"; };
		EDD1C0FD1B93A1AD00B57510 /* LoginViewController.swift */ = {isa = PBXFileReference; fileEncoding = 4; lastKnownFileType = sourcecode.swift; path = LoginViewController.swift; sourceTree = "<group>"; };
		EDD1C0FF1B93F2A000B57510 /* RegisterViewController.swift */ = {isa = PBXFileReference; fileEncoding = 4; lastKnownFileType = sourcecode.swift; path = RegisterViewController.swift; sourceTree = "<group>"; };
		EDF021421B9BB94D00AC12AC /* ReserveDetailsViewController.swift */ = {isa = PBXFileReference; fileEncoding = 4; lastKnownFileType = sourcecode.swift; path = ReserveDetailsViewController.swift; sourceTree = "<group>"; };
		FBD218BD1B949A9300C37FB6 /* buseslep-Bridging-Header.h */ = {isa = PBXFileReference; lastKnownFileType = sourcecode.c.h; path = "buseslep-Bridging-Header.h"; sourceTree = "<group>"; };
		FBD63EB41B94A53A00FDB302 /* BackTableVC.swift */ = {isa = PBXFileReference; fileEncoding = 4; lastKnownFileType = sourcecode.swift; path = BackTableVC.swift; sourceTree = "<group>"; };
/* End PBXFileReference section */

/* Begin PBXFrameworksBuildPhase section */
		3F583FAE1B91DED700161918 /* Frameworks */ = {
			isa = PBXFrameworksBuildPhase;
			buildActionMask = 2147483647;
			files = (
				CFA3D023F18D26962020C46A /* Pods.framework in Frameworks */,
			);
			runOnlyForDeploymentPostprocessing = 0;
		};
		3F583FC61B91DED800161918 /* Frameworks */ = {
			isa = PBXFrameworksBuildPhase;
			buildActionMask = 2147483647;
			files = (
			);
			runOnlyForDeploymentPostprocessing = 0;
		};
/* End PBXFrameworksBuildPhase section */

/* Begin PBXGroup section */
		3F4FB6DA1B9CA6DF00173492 /* sqLite3 */ = {
			isa = PBXGroup;
			children = (
				3F4FB6DB1B9CA6F400173492 /* sqlite.swift */,
			);
			name = sqLite3;
			sourceTree = "<group>";
		};
		3F583FA81B91DED700161918 = {
			isa = PBXGroup;
			children = (
				3F583FB31B91DED700161918 /* buseslep */,
				3F583FCC1B91DED800161918 /* buseslepTests */,
				3F583FB21B91DED700161918 /* Products */,
				CF0BED26E89B289C2F3B29FF /* Pods */,
				64F364B0AB5BE940895B025B /* Frameworks */,
			);
			sourceTree = "<group>";
		};
		3F583FB21B91DED700161918 /* Products */ = {
			isa = PBXGroup;
			children = (
				3F583FB11B91DED700161918 /* buseslep.app */,
				3F583FC91B91DED800161918 /* buseslepTests.xctest */,
			);
			name = Products;
			sourceTree = "<group>";
		};
		3F583FB31B91DED700161918 /* buseslep */ = {
			isa = PBXGroup;
			children = (
				3FAC5CD11B9DF3D900A7B557 /* mercadopago */,
				3F4FB6DA1B9CA6DF00173492 /* sqLite3 */,
				3FFCB9861B936C8900C043F6 /* WebServices */,
				3F583FDE1B91E1F200161918 /* Imagenes */,
				3F583FDB1B91DF5000161918 /* Controladores */,
				3F583FDA1B91DF4600161918 /* Modelos */,
				3F583FB61B91DED700161918 /* AppDelegate.swift */,
				3F583FBD1B91DED700161918 /* Main.storyboard */,
				3F583FC01B91DED700161918 /* Images.xcassets */,
				3F583FC21B91DED700161918 /* LaunchScreen.xib */,
				3F583FB81B91DED700161918 /* buseslep.xcdatamodeld */,
				3F583FB41B91DED700161918 /* Supporting Files */,
			);
			path = buseslep;
			sourceTree = "<group>";
		};
		3F583FB41B91DED700161918 /* Supporting Files */ = {
			isa = PBXGroup;
			children = (
				3F0F42BB1B965AB60075A10D /* SWRevealViewController.m */,
				3F0F42BA1B965AA90075A10D /* SWRevealViewController.h */,
				3F583FB51B91DED700161918 /* Info.plist */,
				FBD218BD1B949A9300C37FB6 /* buseslep-Bridging-Header.h */,
			);
			name = "Supporting Files";
			sourceTree = "<group>";
		};
		3F583FCC1B91DED800161918 /* buseslepTests */ = {
			isa = PBXGroup;
			children = (
				3F583FCF1B91DED800161918 /* buseslepTests.swift */,
				3F583FCD1B91DED800161918 /* Supporting Files */,
			);
			path = buseslepTests;
			sourceTree = "<group>";
		};
		3F583FCD1B91DED800161918 /* Supporting Files */ = {
			isa = PBXGroup;
			children = (
				3F583FCE1B91DED800161918 /* Info.plist */,
			);
			name = "Supporting Files";
			sourceTree = "<group>";
		};
		3F583FDA1B91DF4600161918 /* Modelos */ = {
			isa = PBXGroup;
			children = (
				3FB7B9A81B9DFA4B00619459 /* ButacaModel.swift */,
				3F583FE01B91FDF300161918 /* CiudadModel.swift */,
				3FFCB9811B93548D00C043F6 /* HorarioModel.swift */,
				3F9B31C41B9CC06D00EB1797 /* BusquedasModel.swift */,
				3FB77F6D1B9E2E2F0061CB5B /* PaymentTecPro.swift */,
			);
			name = Modelos;
			sourceTree = "<group>";
		};
		3F583FDB1B91DF5000161918 /* Controladores */ = {
			isa = PBXGroup;
			children = (
				3FB7B9AA1B9DFA7900619459 /* CeldaAsiento.swift */,
				3FB7B9A61B9DFA1600619459 /* SeatSelectionViewController.swift */,
				3F583FDC1B91DFB600161918 /* BusquedaViewController.swift */,
				3F583FE21B922BA200161918 /* CiudadesOrigenViewController.swift */,
				3F26F02A1B9242F000A56BBE /* CiudadesDestinoViewController.swift */,
				3F5C34651B93462300FFB4C2 /* CeldaHorarioViewController.swift */,
				3FFCB97F1B9351DB00C043F6 /* HorarioViewController.swift */,
				EDD1C0FD1B93A1AD00B57510 /* LoginViewController.swift */,
				EDF021421B9BB94D00AC12AC /* ReserveDetailsViewController.swift */,
				EDD1C0FF1B93F2A000B57510 /* RegisterViewController.swift */,
				FBD63EB41B94A53A00FDB302 /* BackTableVC.swift */,
				ED5B0FDF1B98B5AD0057B604 /* RecPassViewController.swift */,
				3F4C68D81B99CDEA001FBA9A /* PasajesTableViewController.swift */,
				3F4C690F1B99EE07001FBA9A /* CalendarViewController.swift */,
				3F58E7AF1B9B374F00858739 /* ResumenViewController.swift */,
				3FC731E81BA0710700891FDC /* FinalizarCompraViewController.swift */,
				ED2E0DCE1BA09D1600A185F2 /* ListarReservasViewController.swift */,
			);
			name = Controladores;
			sourceTree = "<group>";
		};
		3F583FDE1B91E1F200161918 /* Imagenes */ = {
			isa = PBXGroup;
			children = (
			);
			name = Imagenes;
			sourceTree = "<group>";
		};
		3FAC5CD11B9DF3D900A7B557 /* mercadopago */ = {
			isa = PBXGroup;
			children = (
				3FB7B9B31B9E077300619459 /* SimpleVaultViewController.xib */,
				3FB7B9B01B9E031800619459 /* ExamplesUtils.swift */,
				3FB7B9AE1B9E02CF00619459 /* AdvancedVaultViewController.swift */,
				3FB7B9AC1B9E02BD00619459 /* SimpleVaultViewController.swift */,
			);
			name = mercadopago;
			sourceTree = "<group>";
		};
		3FFCB9861B936C8900C043F6 /* WebServices */ = {
			isa = PBXGroup;
			children = (
				3FFCB9871B936C9700C043F6 /* WebServices.swift */,
			);
			name = WebServices;
			sourceTree = "<group>";
		};
		64F364B0AB5BE940895B025B /* Frameworks */ = {
			isa = PBXGroup;
			children = (
				C260DF312EF2C0059DB3A3C0 /* Pods.framework */,
			);
			name = Frameworks;
			sourceTree = "<group>";
		};
		CF0BED26E89B289C2F3B29FF /* Pods */ = {
			isa = PBXGroup;
			children = (
				B5976A03089440B438549AF5 /* Pods.debug.xcconfig */,
				D56973208DDA4BC6DAB9181C /* Pods.release.xcconfig */,
			);
			name = Pods;
			sourceTree = "<group>";
		};
/* End PBXGroup section */

/* Begin PBXNativeTarget section */
		3F583FB01B91DED700161918 /* buseslep */ = {
			isa = PBXNativeTarget;
			buildConfigurationList = 3F583FD31B91DED800161918 /* Build configuration list for PBXNativeTarget "buseslep" */;
			buildPhases = (
				35122603F3DC9F8995DB17C1 /* Check Pods Manifest.lock */,
				3F583FAD1B91DED700161918 /* Sources */,
				3F583FAE1B91DED700161918 /* Frameworks */,
				3F583FAF1B91DED700161918 /* Resources */,
				7CCBA36E6D42948388F75C5E /* Embed Pods Frameworks */,
				B1252C13E01021C38F4D30F8 /* Copy Pods Resources */,
			);
			buildRules = (
			);
			dependencies = (
			);
			name = buseslep;
			productName = buseslep;
			productReference = 3F583FB11B91DED700161918 /* buseslep.app */;
			productType = "com.apple.product-type.application";
		};
		3F583FC81B91DED800161918 /* buseslepTests */ = {
			isa = PBXNativeTarget;
			buildConfigurationList = 3F583FD61B91DED800161918 /* Build configuration list for PBXNativeTarget "buseslepTests" */;
			buildPhases = (
				3F583FC51B91DED800161918 /* Sources */,
				3F583FC61B91DED800161918 /* Frameworks */,
				3F583FC71B91DED800161918 /* Resources */,
			);
			buildRules = (
			);
			dependencies = (
				3F583FCB1B91DED800161918 /* PBXTargetDependency */,
			);
			name = buseslepTests;
			productName = buseslepTests;
			productReference = 3F583FC91B91DED800161918 /* buseslepTests.xctest */;
			productType = "com.apple.product-type.bundle.unit-test";
		};
/* End PBXNativeTarget section */

/* Begin PBXProject section */
		3F583FA91B91DED700161918 /* Project object */ = {
			isa = PBXProject;
			attributes = {
				LastUpgradeCheck = 0640;
				ORGANIZATIONNAME = "Tec-Pro Software";
				TargetAttributes = {
					3F583FB01B91DED700161918 = {
						CreatedOnToolsVersion = 6.4;
					};
					3F583FC81B91DED800161918 = {
						CreatedOnToolsVersion = 6.4;
						TestTargetID = 3F583FB01B91DED700161918;
					};
				};
			};
			buildConfigurationList = 3F583FAC1B91DED700161918 /* Build configuration list for PBXProject "buseslep" */;
			compatibilityVersion = "Xcode 3.2";
			developmentRegion = English;
			hasScannedForEncodings = 0;
			knownRegions = (
				en,
				Base,
			);
			mainGroup = 3F583FA81B91DED700161918;
			productRefGroup = 3F583FB21B91DED700161918 /* Products */;
			projectDirPath = "";
			projectRoot = "";
			targets = (
				3F583FB01B91DED700161918 /* buseslep */,
				3F583FC81B91DED800161918 /* buseslepTests */,
			);
		};
/* End PBXProject section */

/* Begin PBXResourcesBuildPhase section */
		3F583FAF1B91DED700161918 /* Resources */ = {
			isa = PBXResourcesBuildPhase;
			buildActionMask = 2147483647;
			files = (
				3F583FBF1B91DED700161918 /* Main.storyboard in Resources */,
				3F583FC41B91DED700161918 /* LaunchScreen.xib in Resources */,
				3F583FC11B91DED700161918 /* Images.xcassets in Resources */,
				3FB7B9B41B9E077300619459 /* SimpleVaultViewController.xib in Resources */,
			);
			runOnlyForDeploymentPostprocessing = 0;
		};
		3F583FC71B91DED800161918 /* Resources */ = {
			isa = PBXResourcesBuildPhase;
			buildActionMask = 2147483647;
			files = (
			);
			runOnlyForDeploymentPostprocessing = 0;
		};
/* End PBXResourcesBuildPhase section */

/* Begin PBXShellScriptBuildPhase section */
		35122603F3DC9F8995DB17C1 /* Check Pods Manifest.lock */ = {
			isa = PBXShellScriptBuildPhase;
			buildActionMask = 2147483647;
			files = (
			);
			inputPaths = (
			);
			name = "Check Pods Manifest.lock";
			outputPaths = (
			);
			runOnlyForDeploymentPostprocessing = 0;
			shellPath = /bin/sh;
			shellScript = "diff \"${PODS_ROOT}/../Podfile.lock\" \"${PODS_ROOT}/Manifest.lock\" > /dev/null\nif [[ $? != 0 ]] ; then\n    cat << EOM\nerror: The sandbox is not in sync with the Podfile.lock. Run 'pod install' or update your CocoaPods installation.\nEOM\n    exit 1\nfi\n";
			showEnvVarsInLog = 0;
		};
		7CCBA36E6D42948388F75C5E /* Embed Pods Frameworks */ = {
			isa = PBXShellScriptBuildPhase;
			buildActionMask = 2147483647;
			files = (
			);
			inputPaths = (
			);
			name = "Embed Pods Frameworks";
			outputPaths = (
			);
			runOnlyForDeploymentPostprocessing = 0;
			shellPath = /bin/sh;
			shellScript = "\"${SRCROOT}/Pods/Target Support Files/Pods/Pods-frameworks.sh\"\n";
			showEnvVarsInLog = 0;
		};
		B1252C13E01021C38F4D30F8 /* Copy Pods Resources */ = {
			isa = PBXShellScriptBuildPhase;
			buildActionMask = 2147483647;
			files = (
			);
			inputPaths = (
			);
			name = "Copy Pods Resources";
			outputPaths = (
			);
			runOnlyForDeploymentPostprocessing = 0;
			shellPath = /bin/sh;
			shellScript = "\"${SRCROOT}/Pods/Target Support Files/Pods/Pods-resources.sh\"\n";
			showEnvVarsInLog = 0;
		};
/* End PBXShellScriptBuildPhase section */

/* Begin PBXSourcesBuildPhase section */
		3F583FAD1B91DED700161918 /* Sources */ = {
			isa = PBXSourcesBuildPhase;
			buildActionMask = 2147483647;
			files = (
				3F4FB6DC1B9CA6F400173492 /* sqlite.swift in Sources */,
				3F9B31C51B9CC06D00EB1797 /* BusquedasModel.swift in Sources */,
				3F5C34661B93462300FFB4C2 /* CeldaHorarioViewController.swift in Sources */,
				3FFCB9801B9351DB00C043F6 /* HorarioViewController.swift in Sources */,
				ED2E0DCF1BA09D1600A185F2 /* ListarReservasViewController.swift in Sources */,
				3F4C68D91B99CDEA001FBA9A /* PasajesTableViewController.swift in Sources */,
				3F583FDD1B91DFB600161918 /* BusquedaViewController.swift in Sources */,
				EDD1C1001B93F2A000B57510 /* RegisterViewController.swift in Sources */,
				3F583FE31B922BA200161918 /* CiudadesOrigenViewController.swift in Sources */,
				FBD63EB51B94A53A00FDB302 /* BackTableVC.swift in Sources */,
				3FB77F6E1B9E2E2F0061CB5B /* PaymentTecPro.swift in Sources */,
				3FB7B9AF1B9E02CF00619459 /* AdvancedVaultViewController.swift in Sources */,
				3FB7B9AB1B9DFA7900619459 /* CeldaAsiento.swift in Sources */,
				3F583FBA1B91DED700161918 /* buseslep.xcdatamodeld in Sources */,
				3F0F42BC1B965AB60075A10D /* SWRevealViewController.m in Sources */,
				3FFCB9821B93548D00C043F6 /* HorarioModel.swift in Sources */,
				3FC731E91BA0710700891FDC /* FinalizarCompraViewController.swift in Sources */,
				3FFCB9881B936C9700C043F6 /* WebServices.swift in Sources */,
				3F583FB71B91DED700161918 /* AppDelegate.swift in Sources */,
				EDF021431B9BB94D00AC12AC /* ReserveDetailsViewController.swift in Sources */,
				3F58E7B01B9B374F00858739 /* ResumenViewController.swift in Sources */,
				3FB7B9A71B9DFA1600619459 /* SeatSelectionViewController.swift in Sources */,
				3F583FE11B91FDF300161918 /* CiudadModel.swift in Sources */,
				3FB7B9B11B9E031800619459 /* ExamplesUtils.swift in Sources */,
				3FB7B9AD1B9E02BD00619459 /* SimpleVaultViewController.swift in Sources */,
				3F4C69101B99EE07001FBA9A /* CalendarViewController.swift in Sources */,
				3FB7B9A91B9DFA4B00619459 /* ButacaModel.swift in Sources */,
				3F26F02B1B9242F000A56BBE /* CiudadesDestinoViewController.swift in Sources */,
				EDD1C0FE1B93A1AD00B57510 /* LoginViewController.swift in Sources */,
				ED5B0FE01B98B5AD0057B604 /* RecPassViewController.swift in Sources */,
			);
			runOnlyForDeploymentPostprocessing = 0;
		};
		3F583FC51B91DED800161918 /* Sources */ = {
			isa = PBXSourcesBuildPhase;
			buildActionMask = 2147483647;
			files = (
				3F583FD01B91DED800161918 /* buseslepTests.swift in Sources */,
			);
			runOnlyForDeploymentPostprocessing = 0;
		};
/* End PBXSourcesBuildPhase section */

/* Begin PBXTargetDependency section */
		3F583FCB1B91DED800161918 /* PBXTargetDependency */ = {
			isa = PBXTargetDependency;
			target = 3F583FB01B91DED700161918 /* buseslep */;
			targetProxy = 3F583FCA1B91DED800161918 /* PBXContainerItemProxy */;
		};
/* End PBXTargetDependency section */

/* Begin PBXVariantGroup section */
		3F583FBD1B91DED700161918 /* Main.storyboard */ = {
			isa = PBXVariantGroup;
			children = (
				3F583FBE1B91DED700161918 /* Base */,
			);
			name = Main.storyboard;
			sourceTree = "<group>";
		};
		3F583FC21B91DED700161918 /* LaunchScreen.xib */ = {
			isa = PBXVariantGroup;
			children = (
				3F583FC31B91DED700161918 /* Base */,
			);
			name = LaunchScreen.xib;
			sourceTree = "<group>";
		};
/* End PBXVariantGroup section */

/* Begin XCBuildConfiguration section */
		3F583FD11B91DED800161918 /* Debug */ = {
			isa = XCBuildConfiguration;
			buildSettings = {
				ALWAYS_SEARCH_USER_PATHS = NO;
				CLANG_CXX_LANGUAGE_STANDARD = "gnu++0x";
				CLANG_CXX_LIBRARY = "libc++";
				CLANG_ENABLE_MODULES = YES;
				CLANG_ENABLE_OBJC_ARC = YES;
				CLANG_WARN_BOOL_CONVERSION = YES;
				CLANG_WARN_CONSTANT_CONVERSION = YES;
				CLANG_WARN_DIRECT_OBJC_ISA_USAGE = YES_ERROR;
				CLANG_WARN_EMPTY_BODY = YES;
				CLANG_WARN_ENUM_CONVERSION = YES;
				CLANG_WARN_INT_CONVERSION = YES;
				CLANG_WARN_OBJC_ROOT_CLASS = YES_ERROR;
				CLANG_WARN_UNREACHABLE_CODE = YES;
				CLANG_WARN__DUPLICATE_METHOD_MATCH = YES;
				"CODE_SIGN_IDENTITY[sdk=iphoneos*]" = "iPhone Developer";
				COPY_PHASE_STRIP = NO;
				DEBUG_INFORMATION_FORMAT = "dwarf-with-dsym";
				ENABLE_STRICT_OBJC_MSGSEND = YES;
				GCC_C_LANGUAGE_STANDARD = gnu99;
				GCC_DYNAMIC_NO_PIC = NO;
				GCC_NO_COMMON_BLOCKS = YES;
				GCC_OPTIMIZATION_LEVEL = 0;
				GCC_PREPROCESSOR_DEFINITIONS = (
					"DEBUG=1",
					"$(inherited)",
				);
				GCC_SYMBOLS_PRIVATE_EXTERN = NO;
				GCC_WARN_64_TO_32_BIT_CONVERSION = YES;
				GCC_WARN_ABOUT_RETURN_TYPE = YES_ERROR;
				GCC_WARN_UNDECLARED_SELECTOR = YES;
				GCC_WARN_UNINITIALIZED_AUTOS = YES_AGGRESSIVE;
				GCC_WARN_UNUSED_FUNCTION = YES;
				GCC_WARN_UNUSED_VARIABLE = YES;
				IPHONEOS_DEPLOYMENT_TARGET = 8.4;
				MTL_ENABLE_DEBUG_INFO = YES;
				ONLY_ACTIVE_ARCH = YES;
				SDKROOT = iphoneos;
				SWIFT_OPTIMIZATION_LEVEL = "-Onone";
				TARGETED_DEVICE_FAMILY = "1,2";
			};
			name = Debug;
		};
		3F583FD21B91DED800161918 /* Release */ = {
			isa = XCBuildConfiguration;
			buildSettings = {
				ALWAYS_SEARCH_USER_PATHS = NO;
				CLANG_CXX_LANGUAGE_STANDARD = "gnu++0x";
				CLANG_CXX_LIBRARY = "libc++";
				CLANG_ENABLE_MODULES = YES;
				CLANG_ENABLE_OBJC_ARC = YES;
				CLANG_WARN_BOOL_CONVERSION = YES;
				CLANG_WARN_CONSTANT_CONVERSION = YES;
				CLANG_WARN_DIRECT_OBJC_ISA_USAGE = YES_ERROR;
				CLANG_WARN_EMPTY_BODY = YES;
				CLANG_WARN_ENUM_CONVERSION = YES;
				CLANG_WARN_INT_CONVERSION = YES;
				CLANG_WARN_OBJC_ROOT_CLASS = YES_ERROR;
				CLANG_WARN_UNREACHABLE_CODE = YES;
				CLANG_WARN__DUPLICATE_METHOD_MATCH = YES;
				"CODE_SIGN_IDENTITY[sdk=iphoneos*]" = "iPhone Developer";
				COPY_PHASE_STRIP = NO;
				DEBUG_INFORMATION_FORMAT = "dwarf-with-dsym";
				ENABLE_NS_ASSERTIONS = NO;
				ENABLE_STRICT_OBJC_MSGSEND = YES;
				GCC_C_LANGUAGE_STANDARD = gnu99;
				GCC_NO_COMMON_BLOCKS = YES;
				GCC_WARN_64_TO_32_BIT_CONVERSION = YES;
				GCC_WARN_ABOUT_RETURN_TYPE = YES_ERROR;
				GCC_WARN_UNDECLARED_SELECTOR = YES;
				GCC_WARN_UNINITIALIZED_AUTOS = YES_AGGRESSIVE;
				GCC_WARN_UNUSED_FUNCTION = YES;
				GCC_WARN_UNUSED_VARIABLE = YES;
				IPHONEOS_DEPLOYMENT_TARGET = 8.4;
				MTL_ENABLE_DEBUG_INFO = NO;
				SDKROOT = iphoneos;
				TARGETED_DEVICE_FAMILY = "1,2";
				VALIDATE_PRODUCT = YES;
			};
			name = Release;
		};
		3F583FD41B91DED800161918 /* Debug */ = {
			isa = XCBuildConfiguration;
			baseConfigurationReference = B5976A03089440B438549AF5 /* Pods.debug.xcconfig */;
			buildSettings = {
				ASSETCATALOG_COMPILER_APPICON_NAME = AppIcon;
				ASSETCATALOG_COMPILER_LAUNCHIMAGE_NAME = LaunchImage;
				CLANG_ENABLE_MODULES = YES;
				INFOPLIST_FILE = buseslep/Info.plist;
				IPHONEOS_DEPLOYMENT_TARGET = 8.0;
				LD_RUNPATH_SEARCH_PATHS = "$(inherited) @executable_path/Frameworks";
				PRODUCT_NAME = "$(TARGET_NAME)";
				SWIFT_OBJC_BRIDGING_HEADER = "buseslep/buseslep-Bridging-Header.h";
				SWIFT_OPTIMIZATION_LEVEL = "-Onone";
				TARGETED_DEVICE_FAMILY = 1;
			};
			name = Debug;
		};
		3F583FD51B91DED800161918 /* Release */ = {
			isa = XCBuildConfiguration;
			baseConfigurationReference = D56973208DDA4BC6DAB9181C /* Pods.release.xcconfig */;
			buildSettings = {
				ASSETCATALOG_COMPILER_APPICON_NAME = AppIcon;
				ASSETCATALOG_COMPILER_LAUNCHIMAGE_NAME = LaunchImage;
				CLANG_ENABLE_MODULES = YES;
				INFOPLIST_FILE = buseslep/Info.plist;
				IPHONEOS_DEPLOYMENT_TARGET = 8.0;
				LD_RUNPATH_SEARCH_PATHS = "$(inherited) @executable_path/Frameworks";
				PRODUCT_NAME = "$(TARGET_NAME)";
				SWIFT_OBJC_BRIDGING_HEADER = "buseslep/buseslep-Bridging-Header.h";
				TARGETED_DEVICE_FAMILY = 1;
			};
			name = Release;
		};
		3F583FD71B91DED800161918 /* Debug */ = {
			isa = XCBuildConfiguration;
			buildSettings = {
				BUNDLE_LOADER = "$(TEST_HOST)";
				FRAMEWORK_SEARCH_PATHS = (
					"$(SDKROOT)/Developer/Library/Frameworks",
					"$(inherited)",
				);
				GCC_PREPROCESSOR_DEFINITIONS = (
					"DEBUG=1",
					"$(inherited)",
				);
				INFOPLIST_FILE = buseslepTests/Info.plist;
				LD_RUNPATH_SEARCH_PATHS = "$(inherited) @executable_path/Frameworks @loader_path/Frameworks";
				PRODUCT_NAME = "$(TARGET_NAME)";
				TEST_HOST = "$(BUILT_PRODUCTS_DIR)/buseslep.app/buseslep";
			};
			name = Debug;
		};
		3F583FD81B91DED800161918 /* Release */ = {
			isa = XCBuildConfiguration;
			buildSettings = {
				BUNDLE_LOADER = "$(TEST_HOST)";
				FRAMEWORK_SEARCH_PATHS = (
					"$(SDKROOT)/Developer/Library/Frameworks",
					"$(inherited)",
				);
				INFOPLIST_FILE = buseslepTests/Info.plist;
				LD_RUNPATH_SEARCH_PATHS = "$(inherited) @executable_path/Frameworks @loader_path/Frameworks";
				PRODUCT_NAME = "$(TARGET_NAME)";
				TEST_HOST = "$(BUILT_PRODUCTS_DIR)/buseslep.app/buseslep";
			};
			name = Release;
		};
/* End XCBuildConfiguration section */

/* Begin XCConfigurationList section */
		3F583FAC1B91DED700161918 /* Build configuration list for PBXProject "buseslep" */ = {
			isa = XCConfigurationList;
			buildConfigurations = (
				3F583FD11B91DED800161918 /* Debug */,
				3F583FD21B91DED800161918 /* Release */,
			);
			defaultConfigurationIsVisible = 0;
			defaultConfigurationName = Release;
		};
		3F583FD31B91DED800161918 /* Build configuration list for PBXNativeTarget "buseslep" */ = {
			isa = XCConfigurationList;
			buildConfigurations = (
				3F583FD41B91DED800161918 /* Debug */,
				3F583FD51B91DED800161918 /* Release */,
			);
			defaultConfigurationIsVisible = 0;
			defaultConfigurationName = Release;
		};
		3F583FD61B91DED800161918 /* Build configuration list for PBXNativeTarget "buseslepTests" */ = {
			isa = XCConfigurationList;
			buildConfigurations = (
				3F583FD71B91DED800161918 /* Debug */,
				3F583FD81B91DED800161918 /* Release */,
			);
			defaultConfigurationIsVisible = 0;
			defaultConfigurationName = Release;
		};
/* End XCConfigurationList section */

/* Begin XCVersionGroup section */
		3F583FB81B91DED700161918 /* buseslep.xcdatamodeld */ = {
			isa = XCVersionGroup;
			children = (
				3F583FB91B91DED700161918 /* buseslep.xcdatamodel */,
			);
			currentVersion = 3F583FB91B91DED700161918 /* buseslep.xcdatamodel */;
			path = buseslep.xcdatamodeld;
			sourceTree = "<group>";
			versionGroupType = wrapper.xcdatamodel;
		};
/* End XCVersionGroup section */
	};
	rootObject = 3F583FA91B91DED700161918 /* Project object */;
}
